
Microsoft Visual Studio Solution File, Format Version 12.00
# Visual Studio Version 16
VisualStudioVersion = 16.0.30011.22
MinimumVisualStudioVersion = 10.0.40219.1
Project("{F2A71F9B-5D33-465A-A702-920D77279786}") = "MentorMatching", "MentorMatching\MentorMatching.fsproj", "{C48D7DB0-65CC-4B24-B391-0001E43E3E84}"
EndProject
Global
	GlobalSection(SolutionConfigurationPlatforms) = preSolution
		Debug|Any CPU = Debug|Any CPU
		Debug|x64 = Debug|x64
		Release|Any CPU = Release|Any CPU
		Release|x64 = Release|x64
	EndGlobalSection
	GlobalSection(ProjectConfigurationPlatforms) = postSolution
		{C48D7DB0-65CC-4B24-B391-0001E43E3E84}.Debug|Any CPU.ActiveCfg = Debug|Any CPU
		{C48D7DB0-65CC-4B24-B391-0001E43E3E84}.Debug|Any CPU.Build.0 = Debug|Any CPU
		{C48D7DB0-65CC-4B24-B391-0001E43E3E84}.Debug|x64.ActiveCfg = Debug|x64
		{C48D7DB0-65CC-4B24-B391-0001E43E3E84}.Debug|x64.Build.0 = Debug|x64
		{C48D7DB0-65CC-4B24-B391-0001E43E3E84}.Release|Any CPU.ActiveCfg = Release|Any CPU
		{C48D7DB0-65CC-4B24-B391-0001E43E3E84}.Release|Any CPU.Build.0 = Release|Any CPU
		{C48D7DB0-65CC-4B24-B391-0001E43E3E84}.Release|x64.ActiveCfg = Release|x64
		{C48D7DB0-65CC-4B24-B391-0001E43E3E84}.Release|x64.Build.0 = Release|x64
	EndGlobalSection
	GlobalSection(SolutionProperties) = preSolution
		HideSolutionNode = FALSE
	EndGlobalSection
	GlobalSection(ExtensibilityGlobals) = postSolution
		SolutionGuid = {8170FFE0-2CEE-40DC-8CD8-7314C64E5B4C}
	EndGlobalSection
EndGlobal
